// !$*UTF8*$!
{
	archiveVersion = 1;
	classes = {
	};
	objectVersion = 56;
	objects = {

/* Begin PBXBuildFile section */
		322F81132AA23D6A00F71D62 /* AppDelegate.swift in Sources */ = {isa = PBXBuildFile; fileRef = 322F81122AA23D6A00F71D62 /* AppDelegate.swift */; };
		322F81172AA23D6A00F71D62 /* Main.html in Resources */ = {isa = PBXBuildFile; fileRef = 322F81152AA23D6A00F71D62 /* Main.html */; };
		322F81192AA23D6A00F71D62 /* Icon.png in Resources */ = {isa = PBXBuildFile; fileRef = 322F81182AA23D6A00F71D62 /* Icon.png */; };
		322F811B2AA23D6A00F71D62 /* Style.css in Resources */ = {isa = PBXBuildFile; fileRef = 322F811A2AA23D6A00F71D62 /* Style.css */; };
		322F811D2AA23D6A00F71D62 /* Script.js in Resources */ = {isa = PBXBuildFile; fileRef = 322F811C2AA23D6A00F71D62 /* Script.js */; };
		322F811F2AA23D6A00F71D62 /* ViewController.swift in Sources */ = {isa = PBXBuildFile; fileRef = 322F811E2AA23D6A00F71D62 /* ViewController.swift */; };
		322F81222AA23D6A00F71D62 /* Main.storyboard in Resources */ = {isa = PBXBuildFile; fileRef = 322F81202AA23D6A00F71D62 /* Main.storyboard */; };
		322F81242AA23D6A00F71D62 /* Assets.xcassets in Resources */ = {isa = PBXBuildFile; fileRef = 322F81232AA23D6A00F71D62 /* Assets.xcassets */; };
		322F812D2AA23D6A00F71D62 /* Vocably Extension.appex in Embed Foundation Extensions */ = {isa = PBXBuildFile; fileRef = 322F812C2AA23D6A00F71D62 /* Vocably Extension.appex */; settings = {ATTRIBUTES = (RemoveHeadersOnCopy, ); }; };
		322F81322AA23D6A00F71D62 /* SafariWebExtensionHandler.swift in Sources */ = {isa = PBXBuildFile; fileRef = 322F81312AA23D6A00F71D62 /* SafariWebExtensionHandler.swift */; };
		322F81492AA23D6B00F71D62 /* service-worker.js.LICENSE.txt in Resources */ = {isa = PBXBuildFile; fileRef = 322F813F2AA23D6B00F71D62 /* service-worker.js.LICENSE.txt */; };
		322F814A2AA23D6B00F71D62 /* content-script.d.ts in Resources */ = {isa = PBXBuildFile; fileRef = 322F81402AA23D6B00F71D62 /* content-script.d.ts */; };
		322F814B2AA23D6B00F71D62 /* content-script.js.LICENSE.txt in Resources */ = {isa = PBXBuildFile; fileRef = 322F81412AA23D6B00F71D62 /* content-script.js.LICENSE.txt */; };
		322F814C2AA23D6B00F71D62 /* popup in Resources */ = {isa = PBXBuildFile; fileRef = 322F81422AA23D6B00F71D62 /* popup */; };
		322F814D2AA23D6B00F71D62 /* images in Resources */ = {isa = PBXBuildFile; fileRef = 322F81432AA23D6B00F71D62 /* images */; };
		322F814E2AA23D6B00F71D62 /* service-worker.d.ts in Resources */ = {isa = PBXBuildFile; fileRef = 322F81442AA23D6B00F71D62 /* service-worker.d.ts */; };
		322F814F2AA23D6B00F71D62 /* manifest.json in Resources */ = {isa = PBXBuildFile; fileRef = 322F81452AA23D6B00F71D62 /* manifest.json */; };
		322F81502AA23D6B00F71D62 /* content-script.js in Resources */ = {isa = PBXBuildFile; fileRef = 322F81462AA23D6B00F71D62 /* content-script.js */; };
		322F81512AA23D6B00F71D62 /* options.html in Resources */ = {isa = PBXBuildFile; fileRef = 322F81472AA23D6B00F71D62 /* options.html */; };
		322F81522AA23D6B00F71D62 /* service-worker.js in Resources */ = {isa = PBXBuildFile; fileRef = 322F81482AA23D6B00F71D62 /* service-worker.js */; };
/* End PBXBuildFile section */

/* Begin PBXContainerItemProxy section */
		322F812E2AA23D6A00F71D62 /* PBXContainerItemProxy */ = {
			isa = PBXContainerItemProxy;
			containerPortal = 322F81072AA23D6A00F71D62 /* Project object */;
			proxyType = 1;
			remoteGlobalIDString = 322F812B2AA23D6A00F71D62;
			remoteInfo = "Vocably Extension";
		};
/* End PBXContainerItemProxy section */

/* Begin PBXCopyFilesBuildPhase section */
		322F813A2AA23D6A00F71D62 /* Embed Foundation Extensions */ = {
			isa = PBXCopyFilesBuildPhase;
			buildActionMask = 2147483647;
			dstPath = "";
			dstSubfolderSpec = 13;
			files = (
				322F812D2AA23D6A00F71D62 /* Vocably Extension.appex in Embed Foundation Extensions */,
			);
			name = "Embed Foundation Extensions";
			runOnlyForDeploymentPostprocessing = 0;
		};
/* End PBXCopyFilesBuildPhase section */

/* Begin PBXFileReference section */
		322F810F2AA23D6A00F71D62 /* Vocably.app */ = {isa = PBXFileReference; explicitFileType = wrapper.application; includeInIndex = 0; path = Vocably.app; sourceTree = BUILT_PRODUCTS_DIR; };
		322F81122AA23D6A00F71D62 /* AppDelegate.swift */ = {isa = PBXFileReference; lastKnownFileType = sourcecode.swift; path = AppDelegate.swift; sourceTree = "<group>"; };
		322F81162AA23D6A00F71D62 /* Base */ = {isa = PBXFileReference; lastKnownFileType = text.html; name = Base; path = ../Base.lproj/Main.html; sourceTree = "<group>"; };
		322F81182AA23D6A00F71D62 /* Icon.png */ = {isa = PBXFileReference; lastKnownFileType = image.png; path = Icon.png; sourceTree = "<group>"; };
		322F811A2AA23D6A00F71D62 /* Style.css */ = {isa = PBXFileReference; lastKnownFileType = text.css; path = Style.css; sourceTree = "<group>"; };
		322F811C2AA23D6A00F71D62 /* Script.js */ = {isa = PBXFileReference; lastKnownFileType = sourcecode.javascript; path = Script.js; sourceTree = "<group>"; };
		322F811E2AA23D6A00F71D62 /* ViewController.swift */ = {isa = PBXFileReference; lastKnownFileType = sourcecode.swift; path = ViewController.swift; sourceTree = "<group>"; };
		322F81212AA23D6A00F71D62 /* Base */ = {isa = PBXFileReference; lastKnownFileType = file.storyboard; name = Base; path = Base.lproj/Main.storyboard; sourceTree = "<group>"; };
		322F81232AA23D6A00F71D62 /* Assets.xcassets */ = {isa = PBXFileReference; lastKnownFileType = folder.assetcatalog; path = Assets.xcassets; sourceTree = "<group>"; };
		322F81252AA23D6A00F71D62 /* Info.plist */ = {isa = PBXFileReference; lastKnownFileType = text.plist.xml; path = Info.plist; sourceTree = "<group>"; };
		322F81262AA23D6A00F71D62 /* Vocably.entitlements */ = {isa = PBXFileReference; lastKnownFileType = text.plist.entitlements; path = Vocably.entitlements; sourceTree = "<group>"; };
		322F81272AA23D6A00F71D62 /* Vocably.entitlements */ = {isa = PBXFileReference; lastKnownFileType = text.plist.entitlements; path = Vocably.entitlements; sourceTree = "<group>"; };
		322F812C2AA23D6A00F71D62 /* Vocably Extension.appex */ = {isa = PBXFileReference; explicitFileType = "wrapper.app-extension"; includeInIndex = 0; path = "Vocably Extension.appex"; sourceTree = BUILT_PRODUCTS_DIR; };
		322F81312AA23D6A00F71D62 /* SafariWebExtensionHandler.swift */ = {isa = PBXFileReference; lastKnownFileType = sourcecode.swift; path = SafariWebExtensionHandler.swift; sourceTree = "<group>"; };
		322F81332AA23D6A00F71D62 /* Info.plist */ = {isa = PBXFileReference; lastKnownFileType = text.plist.xml; path = Info.plist; sourceTree = "<group>"; };
		322F81342AA23D6A00F71D62 /* Vocably_Extension.entitlements */ = {isa = PBXFileReference; lastKnownFileType = text.plist.entitlements; path = Vocably_Extension.entitlements; sourceTree = "<group>"; };
		322F813F2AA23D6B00F71D62 /* service-worker.js.LICENSE.txt */ = {isa = PBXFileReference; lastKnownFileType = text; name = "service-worker.js.LICENSE.txt"; path = "Resources/service-worker.js.LICENSE.txt"; sourceTree = "<group>"; };
		322F81402AA23D6B00F71D62 /* content-script.d.ts */ = {isa = PBXFileReference; lastKnownFileType = text; name = "content-script.d.ts"; path = "Resources/content-script.d.ts"; sourceTree = "<group>"; };
		322F81412AA23D6B00F71D62 /* content-script.js.LICENSE.txt */ = {isa = PBXFileReference; lastKnownFileType = text; name = "content-script.js.LICENSE.txt"; path = "Resources/content-script.js.LICENSE.txt"; sourceTree = "<group>"; };
		322F81422AA23D6B00F71D62 /* popup */ = {isa = PBXFileReference; lastKnownFileType = folder; name = popup; path = Resources/popup; sourceTree = "<group>"; };
		322F81432AA23D6B00F71D62 /* images */ = {isa = PBXFileReference; lastKnownFileType = folder; name = images; path = Resources/images; sourceTree = "<group>"; };
		322F81442AA23D6B00F71D62 /* service-worker.d.ts */ = {isa = PBXFileReference; lastKnownFileType = text; name = "service-worker.d.ts"; path = "Resources/service-worker.d.ts"; sourceTree = "<group>"; };
		322F81452AA23D6B00F71D62 /* manifest.json */ = {isa = PBXFileReference; lastKnownFileType = text.json; name = manifest.json; path = Resources/manifest.json; sourceTree = "<group>"; };
		322F81462AA23D6B00F71D62 /* content-script.js */ = {isa = PBXFileReference; lastKnownFileType = sourcecode.javascript; name = "content-script.js"; path = "Resources/content-script.js"; sourceTree = "<group>"; };
		322F81472AA23D6B00F71D62 /* options.html */ = {isa = PBXFileReference; lastKnownFileType = text.html; name = options.html; path = Resources/options.html; sourceTree = "<group>"; };
		322F81482AA23D6B00F71D62 /* service-worker.js */ = {isa = PBXFileReference; lastKnownFileType = sourcecode.javascript; name = "service-worker.js"; path = "Resources/service-worker.js"; sourceTree = "<group>"; };
/* End PBXFileReference section */

/* Begin PBXFrameworksBuildPhase section */
		322F810C2AA23D6A00F71D62 /* Frameworks */ = {
			isa = PBXFrameworksBuildPhase;
			buildActionMask = 2147483647;
			files = (
			);
			runOnlyForDeploymentPostprocessing = 0;
		};
		322F81292AA23D6A00F71D62 /* Frameworks */ = {
			isa = PBXFrameworksBuildPhase;
			buildActionMask = 2147483647;
			files = (
			);
			runOnlyForDeploymentPostprocessing = 0;
		};
/* End PBXFrameworksBuildPhase section */

/* Begin PBXGroup section */
		322F81062AA23D6A00F71D62 = {
			isa = PBXGroup;
			children = (
				322F81112AA23D6A00F71D62 /* Vocably */,
				322F81302AA23D6A00F71D62 /* Vocably Extension */,
				322F81102AA23D6A00F71D62 /* Products */,
			);
			sourceTree = "<group>";
		};
		322F81102AA23D6A00F71D62 /* Products */ = {
			isa = PBXGroup;
			children = (
				322F810F2AA23D6A00F71D62 /* Vocably.app */,
				322F812C2AA23D6A00F71D62 /* Vocably Extension.appex */,
			);
			name = Products;
			sourceTree = "<group>";
		};
		322F81112AA23D6A00F71D62 /* Vocably */ = {
			isa = PBXGroup;
			children = (
				322F81122AA23D6A00F71D62 /* AppDelegate.swift */,
				322F811E2AA23D6A00F71D62 /* ViewController.swift */,
				322F81202AA23D6A00F71D62 /* Main.storyboard */,
				322F81232AA23D6A00F71D62 /* Assets.xcassets */,
				322F81252AA23D6A00F71D62 /* Info.plist */,
				322F81262AA23D6A00F71D62 /* Vocably.entitlements */,
				322F81272AA23D6A00F71D62 /* Vocably.entitlements */,
				322F81142AA23D6A00F71D62 /* Resources */,
			);
			path = Vocably;
			sourceTree = "<group>";
		};
		322F81142AA23D6A00F71D62 /* Resources */ = {
			isa = PBXGroup;
			children = (
				322F81152AA23D6A00F71D62 /* Main.html */,
				322F81182AA23D6A00F71D62 /* Icon.png */,
				322F811A2AA23D6A00F71D62 /* Style.css */,
				322F811C2AA23D6A00F71D62 /* Script.js */,
			);
			path = Resources;
			sourceTree = "<group>";
		};
		322F81302AA23D6A00F71D62 /* Vocably Extension */ = {
			isa = PBXGroup;
			children = (
				322F813E2AA23D6B00F71D62 /* Resources */,
				322F81312AA23D6A00F71D62 /* SafariWebExtensionHandler.swift */,
				322F81332AA23D6A00F71D62 /* Info.plist */,
				322F81342AA23D6A00F71D62 /* Vocably_Extension.entitlements */,
			);
			path = "Vocably Extension";
			sourceTree = "<group>";
		};
		322F813E2AA23D6B00F71D62 /* Resources */ = {
			isa = PBXGroup;
			children = (
				322F813F2AA23D6B00F71D62 /* service-worker.js.LICENSE.txt */,
				322F81402AA23D6B00F71D62 /* content-script.d.ts */,
				322F81412AA23D6B00F71D62 /* content-script.js.LICENSE.txt */,
				322F81422AA23D6B00F71D62 /* popup */,
				322F81432AA23D6B00F71D62 /* images */,
				322F81442AA23D6B00F71D62 /* service-worker.d.ts */,
				322F81452AA23D6B00F71D62 /* manifest.json */,
				322F81462AA23D6B00F71D62 /* content-script.js */,
				322F81472AA23D6B00F71D62 /* options.html */,
				322F81482AA23D6B00F71D62 /* service-worker.js */,
			);
			name = Resources;
			path = "Vocably Extension";
			sourceTree = SOURCE_ROOT;
		};
/* End PBXGroup section */

/* Begin PBXNativeTarget section */
		322F810E2AA23D6A00F71D62 /* Vocably */ = {
			isa = PBXNativeTarget;
			buildConfigurationList = 322F813B2AA23D6A00F71D62 /* Build configuration list for PBXNativeTarget "Vocably" */;
			buildPhases = (
				322F810B2AA23D6A00F71D62 /* Sources */,
				322F810C2AA23D6A00F71D62 /* Frameworks */,
				322F810D2AA23D6A00F71D62 /* Resources */,
				322F813A2AA23D6A00F71D62 /* Embed Foundation Extensions */,
			);
			buildRules = (
			);
			dependencies = (
				322F812F2AA23D6A00F71D62 /* PBXTargetDependency */,
			);
			name = Vocably;
			productName = Vocably;
			productReference = 322F810F2AA23D6A00F71D62 /* Vocably.app */;
			productType = "com.apple.product-type.application";
		};
		322F812B2AA23D6A00F71D62 /* Vocably Extension */ = {
			isa = PBXNativeTarget;
			buildConfigurationList = 322F81372AA23D6A00F71D62 /* Build configuration list for PBXNativeTarget "Vocably Extension" */;
			buildPhases = (
				322F81282AA23D6A00F71D62 /* Sources */,
				322F81292AA23D6A00F71D62 /* Frameworks */,
				322F812A2AA23D6A00F71D62 /* Resources */,
			);
			buildRules = (
			);
			dependencies = (
			);
			name = "Vocably Extension";
			productName = "Vocably Extension";
			productReference = 322F812C2AA23D6A00F71D62 /* Vocably Extension.appex */;
			productType = "com.apple.product-type.app-extension";
		};
/* End PBXNativeTarget section */

/* Begin PBXProject section */
		322F81072AA23D6A00F71D62 /* Project object */ = {
			isa = PBXProject;
			attributes = {
				BuildIndependentTargetsInParallel = 1;
				LastSwiftUpdateCheck = 1430;
				LastUpgradeCheck = 1430;
				TargetAttributes = {
					322F810E2AA23D6A00F71D62 = {
						CreatedOnToolsVersion = 14.3.1;
					};
					322F812B2AA23D6A00F71D62 = {
						CreatedOnToolsVersion = 14.3.1;
					};
				};
			};
			buildConfigurationList = 322F810A2AA23D6A00F71D62 /* Build configuration list for PBXProject "Vocably" */;
			compatibilityVersion = "Xcode 14.0";
			developmentRegion = en;
			hasScannedForEncodings = 0;
			knownRegions = (
				en,
				Base,
			);
			mainGroup = 322F81062AA23D6A00F71D62;
			productRefGroup = 322F81102AA23D6A00F71D62 /* Products */;
			projectDirPath = "";
			projectRoot = "";
			targets = (
				322F810E2AA23D6A00F71D62 /* Vocably */,
				322F812B2AA23D6A00F71D62 /* Vocably Extension */,
			);
		};
/* End PBXProject section */

/* Begin PBXResourcesBuildPhase section */
		322F810D2AA23D6A00F71D62 /* Resources */ = {
			isa = PBXResourcesBuildPhase;
			buildActionMask = 2147483647;
			files = (
				322F81192AA23D6A00F71D62 /* Icon.png in Resources */,
				322F81222AA23D6A00F71D62 /* Main.storyboard in Resources */,
				322F811D2AA23D6A00F71D62 /* Script.js in Resources */,
				322F81172AA23D6A00F71D62 /* Main.html in Resources */,
				322F81242AA23D6A00F71D62 /* Assets.xcassets in Resources */,
				322F811B2AA23D6A00F71D62 /* Style.css in Resources */,
			);
			runOnlyForDeploymentPostprocessing = 0;
		};
		322F812A2AA23D6A00F71D62 /* Resources */ = {
			isa = PBXResourcesBuildPhase;
			buildActionMask = 2147483647;
			files = (
				322F814D2AA23D6B00F71D62 /* images in Resources */,
				322F81502AA23D6B00F71D62 /* content-script.js in Resources */,
				322F814F2AA23D6B00F71D62 /* manifest.json in Resources */,
				322F81492AA23D6B00F71D62 /* service-worker.js.LICENSE.txt in Resources */,
				322F814C2AA23D6B00F71D62 /* popup in Resources */,
				322F814A2AA23D6B00F71D62 /* content-script.d.ts in Resources */,
				322F81522AA23D6B00F71D62 /* service-worker.js in Resources */,
				322F814E2AA23D6B00F71D62 /* service-worker.d.ts in Resources */,
				322F814B2AA23D6B00F71D62 /* content-script.js.LICENSE.txt in Resources */,
				322F81512AA23D6B00F71D62 /* options.html in Resources */,
			);
			runOnlyForDeploymentPostprocessing = 0;
		};
/* End PBXResourcesBuildPhase section */

/* Begin PBXSourcesBuildPhase section */
		322F810B2AA23D6A00F71D62 /* Sources */ = {
			isa = PBXSourcesBuildPhase;
			buildActionMask = 2147483647;
			files = (
				322F811F2AA23D6A00F71D62 /* ViewController.swift in Sources */,
				322F81132AA23D6A00F71D62 /* AppDelegate.swift in Sources */,
			);
			runOnlyForDeploymentPostprocessing = 0;
		};
		322F81282AA23D6A00F71D62 /* Sources */ = {
			isa = PBXSourcesBuildPhase;
			buildActionMask = 2147483647;
			files = (
				322F81322AA23D6A00F71D62 /* SafariWebExtensionHandler.swift in Sources */,
			);
			runOnlyForDeploymentPostprocessing = 0;
		};
/* End PBXSourcesBuildPhase section */

/* Begin PBXTargetDependency section */
		322F812F2AA23D6A00F71D62 /* PBXTargetDependency */ = {
			isa = PBXTargetDependency;
			target = 322F812B2AA23D6A00F71D62 /* Vocably Extension */;
			targetProxy = 322F812E2AA23D6A00F71D62 /* PBXContainerItemProxy */;
		};
/* End PBXTargetDependency section */

/* Begin PBXVariantGroup section */
		322F81152AA23D6A00F71D62 /* Main.html */ = {
			isa = PBXVariantGroup;
			children = (
				322F81162AA23D6A00F71D62 /* Base */,
			);
			name = Main.html;
			sourceTree = "<group>";
		};
		322F81202AA23D6A00F71D62 /* Main.storyboard */ = {
			isa = PBXVariantGroup;
			children = (
				322F81212AA23D6A00F71D62 /* Base */,
			);
			name = Main.storyboard;
			sourceTree = "<group>";
		};
/* End PBXVariantGroup section */

/* Begin XCBuildConfiguration section */
		322F81352AA23D6A00F71D62 /* Debug */ = {
			isa = XCBuildConfiguration;
			buildSettings = {
				ALWAYS_SEARCH_USER_PATHS = NO;
				CLANG_ANALYZER_NONNULL = YES;
				CLANG_ANALYZER_NUMBER_OBJECT_CONVERSION = YES_AGGRESSIVE;
				CLANG_CXX_LANGUAGE_STANDARD = "gnu++20";
				CLANG_ENABLE_MODULES = YES;
				CLANG_ENABLE_OBJC_ARC = YES;
				CLANG_ENABLE_OBJC_WEAK = YES;
				CLANG_WARN_BLOCK_CAPTURE_AUTORELEASING = YES;
				CLANG_WARN_BOOL_CONVERSION = YES;
				CLANG_WARN_COMMA = YES;
				CLANG_WARN_CONSTANT_CONVERSION = YES;
				CLANG_WARN_DEPRECATED_OBJC_IMPLEMENTATIONS = YES;
				CLANG_WARN_DIRECT_OBJC_ISA_USAGE = YES_ERROR;
				CLANG_WARN_DOCUMENTATION_COMMENTS = YES;
				CLANG_WARN_EMPTY_BODY = YES;
				CLANG_WARN_ENUM_CONVERSION = YES;
				CLANG_WARN_INFINITE_RECURSION = YES;
				CLANG_WARN_INT_CONVERSION = YES;
				CLANG_WARN_NON_LITERAL_NULL_CONVERSION = YES;
				CLANG_WARN_OBJC_IMPLICIT_RETAIN_SELF = YES;
				CLANG_WARN_OBJC_LITERAL_CONVERSION = YES;
				CLANG_WARN_OBJC_ROOT_CLASS = YES_ERROR;
				CLANG_WARN_QUOTED_INCLUDE_IN_FRAMEWORK_HEADER = YES;
				CLANG_WARN_RANGE_LOOP_ANALYSIS = YES;
				CLANG_WARN_STRICT_PROTOTYPES = YES;
				CLANG_WARN_SUSPICIOUS_MOVE = YES;
				CLANG_WARN_UNGUARDED_AVAILABILITY = YES_AGGRESSIVE;
				CLANG_WARN_UNREACHABLE_CODE = YES;
				CLANG_WARN__DUPLICATE_METHOD_MATCH = YES;
				COPY_PHASE_STRIP = NO;
				DEBUG_INFORMATION_FORMAT = dwarf;
				ENABLE_STRICT_OBJC_MSGSEND = YES;
				ENABLE_TESTABILITY = YES;
				GCC_C_LANGUAGE_STANDARD = gnu11;
				GCC_DYNAMIC_NO_PIC = NO;
				GCC_NO_COMMON_BLOCKS = YES;
				GCC_OPTIMIZATION_LEVEL = 0;
				GCC_PREPROCESSOR_DEFINITIONS = (
					"DEBUG=1",
					"$(inherited)",
				);
				GCC_WARN_64_TO_32_BIT_CONVERSION = YES;
				GCC_WARN_ABOUT_RETURN_TYPE = YES_ERROR;
				GCC_WARN_UNDECLARED_SELECTOR = YES;
				GCC_WARN_UNINITIALIZED_AUTOS = YES_AGGRESSIVE;
				GCC_WARN_UNUSED_FUNCTION = YES;
				GCC_WARN_UNUSED_VARIABLE = YES;
				MACOSX_DEPLOYMENT_TARGET = 13.3;
				MTL_ENABLE_DEBUG_INFO = INCLUDE_SOURCE;
				MTL_FAST_MATH = YES;
				ONLY_ACTIVE_ARCH = YES;
				SDKROOT = macosx;
				SWIFT_ACTIVE_COMPILATION_CONDITIONS = DEBUG;
				SWIFT_OPTIMIZATION_LEVEL = "-Onone";
			};
			name = Debug;
		};
		322F81362AA23D6A00F71D62 /* Release */ = {
			isa = XCBuildConfiguration;
			buildSettings = {
				ALWAYS_SEARCH_USER_PATHS = NO;
				CLANG_ANALYZER_NONNULL = YES;
				CLANG_ANALYZER_NUMBER_OBJECT_CONVERSION = YES_AGGRESSIVE;
				CLANG_CXX_LANGUAGE_STANDARD = "gnu++20";
				CLANG_ENABLE_MODULES = YES;
				CLANG_ENABLE_OBJC_ARC = YES;
				CLANG_ENABLE_OBJC_WEAK = YES;
				CLANG_WARN_BLOCK_CAPTURE_AUTORELEASING = YES;
				CLANG_WARN_BOOL_CONVERSION = YES;
				CLANG_WARN_COMMA = YES;
				CLANG_WARN_CONSTANT_CONVERSION = YES;
				CLANG_WARN_DEPRECATED_OBJC_IMPLEMENTATIONS = YES;
				CLANG_WARN_DIRECT_OBJC_ISA_USAGE = YES_ERROR;
				CLANG_WARN_DOCUMENTATION_COMMENTS = YES;
				CLANG_WARN_EMPTY_BODY = YES;
				CLANG_WARN_ENUM_CONVERSION = YES;
				CLANG_WARN_INFINITE_RECURSION = YES;
				CLANG_WARN_INT_CONVERSION = YES;
				CLANG_WARN_NON_LITERAL_NULL_CONVERSION = YES;
				CLANG_WARN_OBJC_IMPLICIT_RETAIN_SELF = YES;
				CLANG_WARN_OBJC_LITERAL_CONVERSION = YES;
				CLANG_WARN_OBJC_ROOT_CLASS = YES_ERROR;
				CLANG_WARN_QUOTED_INCLUDE_IN_FRAMEWORK_HEADER = YES;
				CLANG_WARN_RANGE_LOOP_ANALYSIS = YES;
				CLANG_WARN_STRICT_PROTOTYPES = YES;
				CLANG_WARN_SUSPICIOUS_MOVE = YES;
				CLANG_WARN_UNGUARDED_AVAILABILITY = YES_AGGRESSIVE;
				CLANG_WARN_UNREACHABLE_CODE = YES;
				CLANG_WARN__DUPLICATE_METHOD_MATCH = YES;
				COPY_PHASE_STRIP = NO;
				DEBUG_INFORMATION_FORMAT = "dwarf-with-dsym";
				ENABLE_NS_ASSERTIONS = NO;
				ENABLE_STRICT_OBJC_MSGSEND = YES;
				GCC_C_LANGUAGE_STANDARD = gnu11;
				GCC_NO_COMMON_BLOCKS = YES;
				GCC_WARN_64_TO_32_BIT_CONVERSION = YES;
				GCC_WARN_ABOUT_RETURN_TYPE = YES_ERROR;
				GCC_WARN_UNDECLARED_SELECTOR = YES;
				GCC_WARN_UNINITIALIZED_AUTOS = YES_AGGRESSIVE;
				GCC_WARN_UNUSED_FUNCTION = YES;
				GCC_WARN_UNUSED_VARIABLE = YES;
				MACOSX_DEPLOYMENT_TARGET = 13.3;
				MTL_ENABLE_DEBUG_INFO = NO;
				MTL_FAST_MATH = YES;
				SDKROOT = macosx;
				SWIFT_COMPILATION_MODE = wholemodule;
				SWIFT_OPTIMIZATION_LEVEL = "-O";
			};
			name = Release;
		};
		322F81382AA23D6A00F71D62 /* Debug */ = {
			isa = XCBuildConfiguration;
			buildSettings = {
				CODE_SIGN_ENTITLEMENTS = "Vocably Extension/Vocably_Extension.entitlements";
				CODE_SIGN_STYLE = Automatic;
				CURRENT_PROJECT_VERSION = 1;
				ENABLE_HARDENED_RUNTIME = YES;
				GENERATE_INFOPLIST_FILE = YES;
				INFOPLIST_FILE = "Vocably Extension/Info.plist";
				INFOPLIST_KEY_CFBundleDisplayName = "Vocably Extension";
				INFOPLIST_KEY_NSHumanReadableCopyright = "";
				LD_RUNPATH_SEARCH_PATHS = (
					"$(inherited)",
					"@executable_path/../Frameworks",
					"@executable_path/../../../../Frameworks",
				);
				MACOSX_DEPLOYMENT_TARGET = 10.14;
				MARKETING_VERSION = 1.0;
				OTHER_LDFLAGS = (
					"-framework",
					SafariServices,
				);
				PRODUCT_BUNDLE_IDENTIFIER = pro.vocably.Vocably.Extension;
				PRODUCT_NAME = "$(TARGET_NAME)";
				SKIP_INSTALL = YES;
				SWIFT_EMIT_LOC_STRINGS = YES;
				SWIFT_VERSION = 5.0;
			};
			name = Debug;
		};
		322F81392AA23D6A00F71D62 /* Release */ = {
			isa = XCBuildConfiguration;
			buildSettings = {
				CODE_SIGN_ENTITLEMENTS = "Vocably Extension/Vocably_Extension.entitlements";
				CODE_SIGN_STYLE = Automatic;
				CURRENT_PROJECT_VERSION = 1;
				ENABLE_HARDENED_RUNTIME = YES;
				GENERATE_INFOPLIST_FILE = YES;
				INFOPLIST_FILE = "Vocably Extension/Info.plist";
				INFOPLIST_KEY_CFBundleDisplayName = "Vocably Extension";
				INFOPLIST_KEY_NSHumanReadableCopyright = "";
				LD_RUNPATH_SEARCH_PATHS = (
					"$(inherited)",
					"@executable_path/../Frameworks",
					"@executable_path/../../../../Frameworks",
				);
				MACOSX_DEPLOYMENT_TARGET = 10.14;
				MARKETING_VERSION = 1.0;
				OTHER_LDFLAGS = (
					"-framework",
					SafariServices,
				);
				PRODUCT_BUNDLE_IDENTIFIER = pro.vocably.Vocably.Extension;
				PRODUCT_NAME = "$(TARGET_NAME)";
				SKIP_INSTALL = YES;
				SWIFT_EMIT_LOC_STRINGS = YES;
				SWIFT_VERSION = 5.0;
			};
			name = Release;
		};
		322F813C2AA23D6A00F71D62 /* Debug */ = {
			isa = XCBuildConfiguration;
			buildSettings = {
				ALWAYS_EMBED_SWIFT_STANDARD_LIBRARIES = YES;
				ASSETCATALOG_COMPILER_APPICON_NAME = AppIcon;
				ASSETCATALOG_COMPILER_GLOBAL_ACCENT_COLOR_NAME = AccentColor;
				CODE_SIGN_ENTITLEMENTS = Vocably/Vocably.entitlements;
				CODE_SIGN_STYLE = Automatic;
				COMBINE_HIDPI_IMAGES = YES;
				CURRENT_PROJECT_VERSION = 1;
				ENABLE_HARDENED_RUNTIME = YES;
				GENERATE_INFOPLIST_FILE = YES;
				INFOPLIST_FILE = Vocably/Info.plist;
				INFOPLIST_KEY_CFBundleDisplayName = Vocably;
				INFOPLIST_KEY_NSHumanReadableCopyright = "";
				INFOPLIST_KEY_NSMainStoryboardFile = Main;
				INFOPLIST_KEY_NSPrincipalClass = NSApplication;
				LD_RUNPATH_SEARCH_PATHS = (
					"$(inherited)",
					"@executable_path/../Frameworks",
				);
				MACOSX_DEPLOYMENT_TARGET = 10.14;
				MARKETING_VERSION = 1.0;
				OTHER_LDFLAGS = (
					"-framework",
					SafariServices,
					"-framework",
					WebKit,
				);
				PRODUCT_BUNDLE_IDENTIFIER = pro.vocably.Vocably;
				PRODUCT_NAME = "$(TARGET_NAME)";
				SWIFT_EMIT_LOC_STRINGS = YES;
				SWIFT_VERSION = 5.0;
			};
			name = Debug;
		};
		322F813D2AA23D6A00F71D62 /* Release */ = {
			isa = XCBuildConfiguration;
			buildSettings = {
				ALWAYS_EMBED_SWIFT_STANDARD_LIBRARIES = YES;
				ASSETCATALOG_COMPILER_APPICON_NAME = AppIcon;
				ASSETCATALOG_COMPILER_GLOBAL_ACCENT_COLOR_NAME = AccentColor;
				CODE_SIGN_ENTITLEMENTS = Vocably/Vocably.entitlements;
				CODE_SIGN_STYLE = Automatic;
				COMBINE_HIDPI_IMAGES = YES;
				CURRENT_PROJECT_VERSION = 1;
				ENABLE_HARDENED_RUNTIME = YES;
				GENERATE_INFOPLIST_FILE = YES;
				INFOPLIST_FILE = Vocably/Info.plist;
				INFOPLIST_KEY_CFBundleDisplayName = Vocably;
				INFOPLIST_KEY_NSHumanReadableCopyright = "";
				INFOPLIST_KEY_NSMainStoryboardFile = Main;
				INFOPLIST_KEY_NSPrincipalClass = NSApplication;
				LD_RUNPATH_SEARCH_PATHS = (
					"$(inherited)",
					"@executable_path/../Frameworks",
				);
				MACOSX_DEPLOYMENT_TARGET = 10.14;
				MARKETING_VERSION = 1.0;
				OTHER_LDFLAGS = (
					"-framework",
					SafariServices,
					"-framework",
					WebKit,
				);
				PRODUCT_BUNDLE_IDENTIFIER = pro.vocably.Vocably;
				PRODUCT_NAME = "$(TARGET_NAME)";
				SWIFT_EMIT_LOC_STRINGS = YES;
				SWIFT_VERSION = 5.0;
			};
			name = Release;
		};
/* End XCBuildConfiguration section */

/* Begin XCConfigurationList section */
		322F810A2AA23D6A00F71D62 /* Build configuration list for PBXProject "Vocably" */ = {
			isa = XCConfigurationList;
			buildConfigurations = (
				322F81352AA23D6A00F71D62 /* Debug */,
				322F81362AA23D6A00F71D62 /* Release */,
			);
			defaultConfigurationIsVisible = 0;
			defaultConfigurationName = Release;
		};
		322F81372AA23D6A00F71D62 /* Build configuration list for PBXNativeTarget "Vocably Extension" */ = {
			isa = XCConfigurationList;
			buildConfigurations = (
				322F81382AA23D6A00F71D62 /* Debug */,
				322F81392AA23D6A00F71D62 /* Release */,
			);
			defaultConfigurationIsVisible = 0;
			defaultConfigurationName = Release;
		};
		322F813B2AA23D6A00F71D62 /* Build configuration list for PBXNativeTarget "Vocably" */ = {
			isa = XCConfigurationList;
			buildConfigurations = (
				322F813C2AA23D6A00F71D62 /* Debug */,
				322F813D2AA23D6A00F71D62 /* Release */,
			);
			defaultConfigurationIsVisible = 0;
			defaultConfigurationName = Release;
		};
/* End XCConfigurationList section */
	};
	rootObject = 322F81072AA23D6A00F71D62 /* Project object */;
}
